
Microsoft Visual Studio Solution File, Format Version 12.00
# Visual Studio 15
VisualStudioVersion = 15.0.27703.2035
MinimumVisualStudioVersion = 10.0.40219.1
Project("{FAE04EC0-301F-11D3-BF4B-00C04F79EFBC}") = "CroweCSharpTest.GreetingsToEarthWebsite", "CroweCSharpTest.GreetingsToEarth.Website\CroweCSharpTest.GreetingsToEarthWebsite.csproj", "{69CA2233-F268-4EC2-8188-1D3A2CA0D766}"
EndProject
Project("{FAE04EC0-301F-11D3-BF4B-00C04F79EFBC}") = "CroweCSharpTest.GreetingsToEarth.Website.Tests", "CroweCSharpTest.GreetingsToEarth.Website.Tests\CroweCSharpTest.GreetingsToEarth.Website.Tests.csproj", "{5F87D16A-E863-4BC9-9C54-5A27EFCCF707}"
EndProject
Global
	GlobalSection(SolutionConfigurationPlatforms) = preSolution
		Debug|Any CPU = Debug|Any CPU
		Release|Any CPU = Release|Any CPU
	EndGlobalSection
	GlobalSection(ProjectConfigurationPlatforms) = postSolution
		{69CA2233-F268-4EC2-8188-1D3A2CA0D766}.Debug|Any CPU.ActiveCfg = Debug|Any CPU
		{69CA2233-F268-4EC2-8188-1D3A2CA0D766}.Debug|Any CPU.Build.0 = Debug|Any CPU
		{69CA2233-F268-4EC2-8188-1D3A2CA0D766}.Release|Any CPU.ActiveCfg = Release|Any CPU
		{69CA2233-F268-4EC2-8188-1D3A2CA0D766}.Release|Any CPU.Build.0 = Release|Any CPU
		{5F87D16A-E863-4BC9-9C54-5A27EFCCF707}.Debug|Any CPU.ActiveCfg = Debug|Any CPU
		{5F87D16A-E863-4BC9-9C54-5A27EFCCF707}.Debug|Any CPU.Build.0 = Debug|Any CPU
		{5F87D16A-E863-4BC9-9C54-5A27EFCCF707}.Release|Any CPU.ActiveCfg = Release|Any CPU
		{5F87D16A-E863-4BC9-9C54-5A27EFCCF707}.Release|Any CPU.Build.0 = Release|Any CPU
	EndGlobalSection
	GlobalSection(SolutionProperties) = preSolution
		HideSolutionNode = FALSE
	EndGlobalSection
	GlobalSection(ExtensibilityGlobals) = postSolution
		SolutionGuid = {AF166222-E2CB-4572-899B-1C986947F9F3}
	EndGlobalSection
EndGlobal
